lockfileVersion: '6.0'

settings:
  autoInstallPeers: true
  excludeLinksFromLockfile: false

importers:

  .: {}

  packages/pkg-vue2:
    dependencies:
      vue:
        specifier: ^2.7.16
        version: 2.7.16

  packages/pkg-vue3:
    dependencies:
      vue:
        specifier: ^3.4.9
        version: 3.4.9

packages:

  /@babel/helper-string-parser@7.23.4:
    resolution: {integrity: sha512-803gmbQdqwdf4olxrX4AJyFBV/RTr3rSmOj0rKwesmzlfhYNDEs+/iOcznzpNWlJlIlTJC2QfPFcHB6DlzdVLQ==}
    engines: {node: '>=6.9.0'}
    dev: false

  /@babel/helper-validator-identifier@7.22.20:
    resolution: {integrity: sha512-Y4OZ+ytlatR8AI+8KZfKuL5urKp7qey08ha31L8b3BwewJAoJamTzyvxPR/5D+KkdJCGPq/+8TukHBlY10FX9A==}
    engines: {node: '>=6.9.0'}
    dev: false

  /@babel/parser@7.23.6:
    resolution: {integrity: sha512-Z2uID7YJ7oNvAI20O9X0bblw7Qqs8Q2hFy0R9tAfnfLkp5MW0UH9eUvnDSnFwKZ0AvgS1ucqR4KzvVHgnke1VQ==}
    engines: {node: '>=6.0.0'}
    hasBin: true
    dependencies:
      '@babel/types': 7.23.6
    dev: false

  /@babel/types@7.23.6:
    resolution: {integrity: sha512-+uarb83brBzPKN38NX1MkB6vb6+mwvR6amUulqAE7ccQw1pEl+bCia9TbdG1lsnFP7lZySvUn37CHyXQdfTwzg==}
    engines: {node: '>=6.9.0'}
    dependencies:
      '@babel/helper-string-parser': 7.23.4
      '@babel/helper-validator-identifier': 7.22.20
      to-fast-properties: 2.0.0
    dev: false

  /@jridgewell/sourcemap-codec@1.4.15:
    resolution: {integrity: sha512-eF2rxCRulEKXHTRiDrDy6erMYWqNw4LPdQ8UQA4huuxaQsVeRPFl2oM8oDGxMFhJUWZf9McpLtJasDDZb/Bpeg==}
    dev: false

  /@vue/compiler-core@3.4.9:
    resolution: {integrity: sha512-8zjlR0LVG3bVX0dX9rnDSr/lWsheRGyThJTfxf27LMBZqNqYy1Zd3R8rVVUQrcWCpAaSwOFQ+IPeLq3NH4f4zA==}
    dependencies:
      '@babel/parser': 7.23.6
      '@vue/shared': 3.4.9
      entities: 4.5.0
      estree-walker: 2.0.2
      source-map-js: 1.0.2
    dev: false

  /@vue/compiler-dom@3.4.9:
    resolution: {integrity: sha512-29bSR7JYowFiqGHn6eXsxanCS+21HWv+Yi3q4YRmR7Qq084AKK/HCadsN6rX4gPxIk8op2g0VlGLvqMVPehwow==}
    dependencies:
      '@vue/compiler-core': 3.4.9
      '@vue/shared': 3.4.9
    dev: false

  /@vue/compiler-sfc@2.7.16:
    resolution: {integrity: sha512-KWhJ9k5nXuNtygPU7+t1rX6baZeqOYLEforUPjgNDBnLicfHCoi48H87Q8XyLZOrNNsmhuwKqtpDQWjEFe6Ekg==}
    dependencies:
      '@babel/parser': 7.23.6
      postcss: 8.4.33
      source-map: 0.6.1
    optionalDependencies:
      prettier: 2.8.8
    dev: false

  /@vue/compiler-sfc@3.4.9:
    resolution: {integrity: sha512-G7N5lLEXhUPVlLU2m4foLQZQSjLSAFkd9NDEbbkDcvKmUZtB6CRVTM1R63PKSPjfHO4HtDzT5oH0/AGFSPJPmg==}
    dependencies:
      '@babel/parser': 7.23.6
      '@vue/compiler-core': 3.4.9
      '@vue/compiler-dom': 3.4.9
      '@vue/compiler-ssr': 3.4.9
      '@vue/shared': 3.4.9
      estree-walker: 2.0.2
      magic-string: 0.30.5
      postcss: 8.4.33
      source-map-js: 1.0.2
    dev: false

  /@vue/compiler-ssr@3.4.9:
    resolution: {integrity: sha512-CqkrrHv3iVjFyo+crxOMEreHrg8Ad6MHidbq3SQq33UazmHTGlmVXA2RtshPDn1/sbYMh367sdIebBV4qsWJNg==}
    dependencies:
      '@vue/compiler-dom': 3.4.9
      '@vue/shared': 3.4.9
    dev: false

  /@vue/reactivity@3.4.9:
    resolution: {integrity: sha512-xSbQ0mT9b0DQZyjvpLG14lZI4vUoYe8SazyXV+DVHdC1N46xIa6ZCRzu5Y4IDIrIV14f728b8FcN68s9x5zJvQ==}
    dependencies:
      '@vue/shared': 3.4.9
    dev: false

  /@vue/runtime-core@3.4.9:
    resolution: {integrity: sha512-+LDblIs/lgEKRczBFfaX/Se8UIHucVnXoBA49VnZSeK8WXG1B5Ha7vuWiekCEk7yYEParYqsy8VetHxruLJXPA==}
    dependencies:
      '@vue/reactivity': 3.4.9
      '@vue/shared': 3.4.9
    dev: false

  /@vue/runtime-dom@3.4.9:
    resolution: {integrity: sha512-yn/4xuMymQRVzdEALs1VQY/kfI6swRjV2Y+CHVjGqQfzj9ZtesnHdej3OErkTkEBdtq+rg1F/ZAwBxN2oUl1Zg==}
    dependencies:
      '@vue/runtime-core': 3.4.9
      '@vue/shared': 3.4.9
      csstype: 3.1.3
    dev: false

  /@vue/server-renderer@3.4.9(vue@3.4.9):
    resolution: {integrity: sha512-zsh4M4zfaEmCIIUZYXVf2p9i32pjDM+lLhq2INWjxJcYz3EvqLEkiWXjvQHtvwostkTtj3lAMjxxLcGkuI3bYg==}
    peerDependencies:
      vue: 3.4.9
    dependencies:
      '@vue/compiler-ssr': 3.4.9
      '@vue/shared': 3.4.9
      vue: 3.4.9
    dev: false

  /@vue/shared@3.4.9:
    resolution: {integrity: sha512-AV1ibMMuiQV7TysP9mGcg7q+m1VkSh5m/w2KITW7Yel9raxiTiH6QGaJ+8V26QCH0C4o2xgsw/DQf+gDFjV4vQ==}
    dev: false

  /csstype@3.1.3:
    resolution: {integrity: sha512-M1uQkMl8rQK/szD0LNhtqxIPLpimGm8sOBwU7lLnCpSbTyY3yeU1Vc7l4KT5zT4s/yOxHH5O7tIuuLOCnLADRw==}
    dev: false

  /entities@4.5.0:
    resolution: {integrity: sha512-V0hjH4dGPh9Ao5p0MoRY6BVqtwCjhz6vI5LT8AJ55H+4g9/4vbHx1I54fS0XuclLhDHArPQCiMjDxjaL8fPxhw==}
    engines: {node: '>=0.12'}
    dev: false

  /estree-walker@2.0.2:
    resolution: {integrity: sha512-Rfkk/Mp/DL7JVje3u18FxFujQlTNR2q6QfMSMB7AvCBx91NGj/ba3kCfza0f6dVDbw7YlRf/nDrn7pQrCCyQ/w==}
    dev: false

  /magic-string@0.30.5:
    resolution: {integrity: sha512-7xlpfBaQaP/T6Vh8MO/EqXSW5En6INHEvEXQiuff7Gku0PWjU3uf6w/j9o7O+SpB5fOAkrI5HeoNgwjEO0pFsA==}
    engines: {node: '>=12'}
    dependencies:
      '@jridgewell/sourcemap-codec': 1.4.15
    dev: false

  /nanoid@3.3.7:
    resolution: {integrity: sha512-eSRppjcPIatRIMC1U6UngP8XFcz8MQWGQdt1MTBQ7NaAmvXDfvNxbvWV3x2y6CdEUciCSsDHDQZbhYaB8QEo2g==}
    engines: {node: ^10 || ^12 || ^13.7 || ^14 || >=15.0.1}
    hasBin: true
    dev: false

  /picocolors@1.0.0:
    resolution: {integrity: sha512-1fygroTLlHu66zi26VoTDv8yRgm0Fccecssto+MhsZ0D/DGW2sm8E8AjW7NU5VVTRt5GxbeZ5qBuJr+HyLYkjQ==}
    dev: false

  /postcss@8.4.33:
    resolution: {integrity: sha512-Kkpbhhdjw2qQs2O2DGX+8m5OVqEcbB9HRBvuYM9pgrjEFUg30A9LmXNlTAUj4S9kgtGyrMbTzVjH7E+s5Re2yg==}
    engines: {node: ^10 || ^12 || >=14}
    dependencies:
      nanoid: 3.3.7
      picocolors: 1.0.0
      source-map-js: 1.0.2
    dev: false

  /prettier@2.8.8:
    resolution: {integrity: sha512-tdN8qQGvNjw4CHbY+XXk0JgCXn9QiF21a55rBe5LJAU+kDyC4WQn4+awm2Xfk2lQMk5fKup9XgzTZtGkjBdP9Q==}
    engines: {node: '>=10.13.0'}
    hasBin: true
    requiresBuild: true
    dev: false
    optional: true

  /source-map-js@1.0.2:
    resolution: {integrity: sha512-R0XvVJ9WusLiqTCEiGCmICCMplcCkIwwR11mOSD9CR5u+IXYdiseeEuXCVAjS54zqwkLcPNnmU4OeJ6tUrWhDw==}
    engines: {node: '>=0.10.0'}
    dev: false

  /source-map@0.6.1:
    resolution: {integrity: sha512-UjgapumWlbMhkBgzT7Ykc5YXUT46F0iKu8SGXq0bcwP5dz/h0Plj6enJqjz1Zbq2l5WaqYnrVbwWOWMyF3F47g==}
    engines: {node: '>=0.10.0'}
    dev: false

  /to-fast-properties@2.0.0:
    resolution: {integrity: sha512-/OaKK0xYrs3DmxRYqL/yDc+FxFUVYhDlXMhRmv3z915w2HF1tnN1omB354j8VUGO/hbRzyD6Y3sA7v7GS/ceog==}
    engines: {node: '>=4'}
    dev: false

  /vue@2.7.16:
    resolution: {integrity: sha512-4gCtFXaAA3zYZdTp5s4Hl2sozuySsgz4jy1EnpBHNfpMa9dK1ZCG7viqBPCwXtmgc8nHqUsAu3G4gtmXkkY3Sw==}
    deprecated: Vue 2 has reached EOL and is no longer actively maintained. See https://v2.vuejs.org/eol/ for more details.
    dependencies:
      '@vue/compiler-sfc': 2.7.16
      csstype: 3.1.3
    dev: false

  /vue@3.4.9:
    resolution: {integrity: sha512-3Dc0cZqHIxvoKugWOTe6MCv8Hr+jQAumEyHEe/9ZPNiZvcHSP/HfiHZivqdO1hSeFtWLKa1iuyNTBRKSQhbxsA==}
    peerDependencies:
      typescript: '*'
    peerDependenciesMeta:
      typescript:
        optional: true
    dependencies:
      '@vue/compiler-dom': 3.4.9
      '@vue/compiler-sfc': 3.4.9
      '@vue/runtime-dom': 3.4.9
      '@vue/server-renderer': 3.4.9(vue@3.4.9)
      '@vue/shared': 3.4.9
    dev: false
